
Microsoft Visual Studio Solution File, Format Version 12.00
# Visual Studio Version 17
VisualStudioVersion = 17.13.35828.75 d17.13
MinimumVisualStudioVersion = 10.0.40219.1
Project("{FAE04EC0-301F-11D3-BF4B-00C04F79EFBC}") = "Exercício Conta Corrente", "Exercício Conta Corrente\Exercício Conta Corrente.csproj", "{68068B18-1226-405A-B6B9-8BA22AD28EE2}"
EndProject
Global
	GlobalSection(SolutionConfigurationPlatforms) = preSolution
		Debug|Any CPU = Debug|Any CPU
		Release|Any CPU = Release|Any CPU
	EndGlobalSection
	GlobalSection(ProjectConfigurationPlatforms) = postSolution
		{68068B18-1226-405A-B6B9-8BA22AD28EE2}.Debug|Any CPU.ActiveCfg = Debug|Any CPU
		{68068B18-1226-405A-B6B9-8BA22AD28EE2}.Debug|Any CPU.Build.0 = Debug|Any CPU
		{68068B18-1226-405A-B6B9-8BA22AD28EE2}.Release|Any CPU.ActiveCfg = Release|Any CPU
		{68068B18-1226-405A-B6B9-8BA22AD28EE2}.Release|Any CPU.Build.0 = Release|Any CPU
	EndGlobalSection
	GlobalSection(SolutionProperties) = preSolution
		HideSolutionNode = FALSE
	EndGlobalSection
	GlobalSection(ExtensibilityGlobals) = postSolution
		SolutionGuid = {2C15D0C3-FF73-4D00-921A-370C274F846C}
	EndGlobalSection
EndGlobal
